// !$*UTF8*$!
{
	archiveVersion = 1;
	classes = {
	};
	objectVersion = 56;
	objects = {

/* Begin PBXBuildFile section */
		2E7C8EB62C686F58009AFEA2 /* TranslatorApp.swift in Sources */ = {isa = PBXBuildFile; fileRef = 2E7C8EB52C686F58009AFEA2 /* TranslatorApp.swift */; };
		2E7C8EB82C686F58009AFEA2 /* ContentView.swift in Sources */ = {isa = PBXBuildFile; fileRef = 2E7C8EB72C686F58009AFEA2 /* ContentView.swift */; };
		2E7C8EBA2C686F58009AFEA2 /* Item.swift in Sources */ = {isa = PBXBuildFile; fileRef = 2E7C8EB92C686F58009AFEA2 /* Item.swift */; };
		2E7C8EBC2C686F59009AFEA2 /* Assets.xcassets in Resources */ = {isa = PBXBuildFile; fileRef = 2E7C8EBB2C686F59009AFEA2 /* Assets.xcassets */; };
		2E7C8EC02C686F59009AFEA2 /* Preview Assets.xcassets in Resources */ = {isa = PBXBuildFile; fileRef = 2E7C8EBF2C686F59009AFEA2 /* Preview Assets.xcassets */; };
		2E7C8ECA2C686F59009AFEA2 /* TranslatorTests.swift in Sources */ = {isa = PBXBuildFile; fileRef = 2E7C8EC92C686F59009AFEA2 /* TranslatorTests.swift */; };
		2E7C8ED42C686F59009AFEA2 /* TranslatorUITests.swift in Sources */ = {isa = PBXBuildFile; fileRef = 2E7C8ED32C686F59009AFEA2 /* TranslatorUITests.swift */; };
		2E7C8ED62C686F59009AFEA2 /* TranslatorUITestsLaunchTests.swift in Sources */ = {isa = PBXBuildFile; fileRef = 2E7C8ED52C686F59009AFEA2 /* TranslatorUITestsLaunchTests.swift */; };
		2ED666882C81742E000E505F /* AppDelegate.swift in Sources */ = {isa = PBXBuildFile; fileRef = 2ED666872C81742E000E505F /* AppDelegate.swift */; };
/* End PBXBuildFile section */

/* Begin PBXContainerItemProxy section */
		2E7C8EC62C686F59009AFEA2 /* PBXContainerItemProxy */ = {
			isa = PBXContainerItemProxy;
			containerPortal = 2E7C8EAA2C686F58009AFEA2 /* Project object */;
			proxyType = 1;
			remoteGlobalIDString = 2E7C8EB12C686F58009AFEA2;
			remoteInfo = Translator;
		};
		2E7C8ED02C686F59009AFEA2 /* PBXContainerItemProxy */ = {
			isa = PBXContainerItemProxy;
			containerPortal = 2E7C8EAA2C686F58009AFEA2 /* Project object */;
			proxyType = 1;
			remoteGlobalIDString = 2E7C8EB12C686F58009AFEA2;
			remoteInfo = Translator;
		};
/* End PBXContainerItemProxy section */

/* Begin PBXFileReference section */
		2E7C8EB22C686F58009AFEA2 /* Translator.app */ = {isa = PBXFileReference; explicitFileType = wrapper.application; includeInIndex = 0; path = Translator.app; sourceTree = BUILT_PRODUCTS_DIR; };
		2E7C8EB52C686F58009AFEA2 /* TranslatorApp.swift */ = {isa = PBXFileReference; lastKnownFileType = sourcecode.swift; path = TranslatorApp.swift; sourceTree = "<group>"; };
		2E7C8EB72C686F58009AFEA2 /* ContentView.swift */ = {isa = PBXFileReference; lastKnownFileType = sourcecode.swift; path = ContentView.swift; sourceTree = "<group>"; };
		2E7C8EB92C686F58009AFEA2 /* Item.swift */ = {isa = PBXFileReference; lastKnownFileType = sourcecode.swift; path = Item.swift; sourceTree = "<group>"; };
		2E7C8EBB2C686F59009AFEA2 /* Assets.xcassets */ = {isa = PBXFileReference; lastKnownFileType = folder.assetcatalog; path = Assets.xcassets; sourceTree = "<group>"; };
		2E7C8EBD2C686F59009AFEA2 /* Translator.entitlements */ = {isa = PBXFileReference; lastKnownFileType = text.plist.entitlements; path = Translator.entitlements; sourceTree = "<group>"; };
		2E7C8EBF2C686F59009AFEA2 /* Preview Assets.xcassets */ = {isa = PBXFileReference; lastKnownFileType = folder.assetcatalog; path = "Preview Assets.xcassets"; sourceTree = "<group>"; };
		2E7C8EC52C686F59009AFEA2 /* TranslatorTests.xctest */ = {isa = PBXFileReference; explicitFileType = wrapper.cfbundle; includeInIndex = 0; path = TranslatorTests.xctest; sourceTree = BUILT_PRODUCTS_DIR; };
		2E7C8EC92C686F59009AFEA2 /* TranslatorTests.swift */ = {isa = PBXFileReference; lastKnownFileType = sourcecode.swift; path = TranslatorTests.swift; sourceTree = "<group>"; };
		2E7C8ECF2C686F59009AFEA2 /* TranslatorUITests.xctest */ = {isa = PBXFileReference; explicitFileType = wrapper.cfbundle; includeInIndex = 0; path = TranslatorUITests.xctest; sourceTree = BUILT_PRODUCTS_DIR; };
		2E7C8ED32C686F59009AFEA2 /* TranslatorUITests.swift */ = {isa = PBXFileReference; lastKnownFileType = sourcecode.swift; path = TranslatorUITests.swift; sourceTree = "<group>"; };
		2E7C8ED52C686F59009AFEA2 /* TranslatorUITestsLaunchTests.swift */ = {isa = PBXFileReference; lastKnownFileType = sourcecode.swift; path = TranslatorUITestsLaunchTests.swift; sourceTree = "<group>"; };
		2ED666872C81742E000E505F /* AppDelegate.swift */ = {isa = PBXFileReference; lastKnownFileType = sourcecode.swift; path = AppDelegate.swift; sourceTree = "<group>"; };
/* End PBXFileReference section */

/* Begin PBXFrameworksBuildPhase section */
		2E7C8EAF2C686F58009AFEA2 /* Frameworks */ = {
			isa = PBXFrameworksBuildPhase;
			buildActionMask = 2147483647;
			files = (
			);
			runOnlyForDeploymentPostprocessing = 0;
		};
		2E7C8EC22C686F59009AFEA2 /* Frameworks */ = {
			isa = PBXFrameworksBuildPhase;
			buildActionMask = 2147483647;
			files = (
			);
			runOnlyForDeploymentPostprocessing = 0;
		};
		2E7C8ECC2C686F59009AFEA2 /* Frameworks */ = {
			isa = PBXFrameworksBuildPhase;
			buildActionMask = 2147483647;
			files = (
			);
			runOnlyForDeploymentPostprocessing = 0;
		};
/* End PBXFrameworksBuildPhase section */

/* Begin PBXGroup section */
		2E7C8EA92C686F58009AFEA2 = {
			isa = PBXGroup;
			children = (
				2E7C8EB42C686F58009AFEA2 /* Translator */,
				2E7C8EC82C686F59009AFEA2 /* TranslatorTests */,
				2E7C8ED22C686F59009AFEA2 /* TranslatorUITests */,
				2E7C8EB32C686F58009AFEA2 /* Products */,
			);
			sourceTree = "<group>";
		};
		2E7C8EB32C686F58009AFEA2 /* Products */ = {
			isa = PBXGroup;
			children = (
				2E7C8EB22C686F58009AFEA2 /* Translator.app */,
				2E7C8EC52C686F59009AFEA2 /* TranslatorTests.xctest */,
				2E7C8ECF2C686F59009AFEA2 /* TranslatorUITests.xctest */,
			);
			name = Products;
			sourceTree = "<group>";
		};
		2E7C8EB42C686F58009AFEA2 /* Translator */ = {
			isa = PBXGroup;
			children = (
				2E7C8EB52C686F58009AFEA2 /* TranslatorApp.swift */,
				2E7C8EB72C686F58009AFEA2 /* ContentView.swift */,
				2ED666872C81742E000E505F /* AppDelegate.swift */,
				2E7C8EB92C686F58009AFEA2 /* Item.swift */,
				2E7C8EBB2C686F59009AFEA2 /* Assets.xcassets */,
				2E7C8EBD2C686F59009AFEA2 /* Translator.entitlements */,
				2E7C8EBE2C686F59009AFEA2 /* Preview Content */,
			);
			path = Translator;
			sourceTree = "<group>";
		};
		2E7C8EBE2C686F59009AFEA2 /* Preview Content */ = {
			isa = PBXGroup;
			children = (
				2E7C8EBF2C686F59009AFEA2 /* Preview Assets.xcassets */,
			);
			path = "Preview Content";
			sourceTree = "<group>";
		};
		2E7C8EC82C686F59009AFEA2 /* TranslatorTests */ = {
			isa = PBXGroup;
			children = (
				2E7C8EC92C686F59009AFEA2 /* TranslatorTests.swift */,
			);
			path = TranslatorTests;
			sourceTree = "<group>";
		};
		2E7C8ED22C686F59009AFEA2 /* TranslatorUITests */ = {
			isa = PBXGroup;
			children = (
				2E7C8ED32C686F59009AFEA2 /* TranslatorUITests.swift */,
				2E7C8ED52C686F59009AFEA2 /* TranslatorUITestsLaunchTests.swift */,
			);
			path = TranslatorUITests;
			sourceTree = "<group>";
		};
/* End PBXGroup section */

/* Begin PBXNativeTarget section */
		2E7C8EB12C686F58009AFEA2 /* Translator */ = {
			isa = PBXNativeTarget;
			buildConfigurationList = 2E7C8ED92C686F59009AFEA2 /* Build configuration list for PBXNativeTarget "Translator" */;
			buildPhases = (
				2E7C8EAE2C686F58009AFEA2 /* Sources */,
				2E7C8EAF2C686F58009AFEA2 /* Frameworks */,
				2E7C8EB02C686F58009AFEA2 /* Resources */,
			);
			buildRules = (
			);
			dependencies = (
			);
			name = Translator;
			productName = Translator;
			productReference = 2E7C8EB22C686F58009AFEA2 /* Translator.app */;
			productType = "com.apple.product-type.application";
		};
		2E7C8EC42C686F59009AFEA2 /* TranslatorTests */ = {
			isa = PBXNativeTarget;
			buildConfigurationList = 2E7C8EDC2C686F59009AFEA2 /* Build configuration list for PBXNativeTarget "TranslatorTests" */;
			buildPhases = (
				2E7C8EC12C686F59009AFEA2 /* Sources */,
				2E7C8EC22C686F59009AFEA2 /* Frameworks */,
				2E7C8EC32C686F59009AFEA2 /* Resources */,
			);
			buildRules = (
			);
			dependencies = (
				2E7C8EC72C686F59009AFEA2 /* PBXTargetDependency */,
			);
			name = TranslatorTests;
			productName = TranslatorTests;
			productReference = 2E7C8EC52C686F59009AFEA2 /* TranslatorTests.xctest */;
			productType = "com.apple.product-type.bundle.unit-test";
		};
		2E7C8ECE2C686F59009AFEA2 /* TranslatorUITests */ = {
			isa = PBXNativeTarget;
			buildConfigurationList = 2E7C8EDF2C686F59009AFEA2 /* Build configuration list for PBXNativeTarget "TranslatorUITests" */;
			buildPhases = (
				2E7C8ECB2C686F59009AFEA2 /* Sources */,
				2E7C8ECC2C686F59009AFEA2 /* Frameworks */,
				2E7C8ECD2C686F59009AFEA2 /* Resources */,
			);
			buildRules = (
			);
			dependencies = (
				2E7C8ED12C686F59009AFEA2 /* PBXTargetDependency */,
			);
			name = TranslatorUITests;
			productName = TranslatorUITests;
			productReference = 2E7C8ECF2C686F59009AFEA2 /* TranslatorUITests.xctest */;
			productType = "com.apple.product-type.bundle.ui-testing";
		};
/* End PBXNativeTarget section */

/* Begin PBXProject section */
		2E7C8EAA2C686F58009AFEA2 /* Project object */ = {
			isa = PBXProject;
			attributes = {
				BuildIndependentTargetsInParallel = 1;
				LastSwiftUpdateCheck = 1540;
				LastUpgradeCheck = 1540;
				TargetAttributes = {
					2E7C8EB12C686F58009AFEA2 = {
						CreatedOnToolsVersion = 15.4;
					};
					2E7C8EC42C686F59009AFEA2 = {
						CreatedOnToolsVersion = 15.4;
						TestTargetID = 2E7C8EB12C686F58009AFEA2;
					};
					2E7C8ECE2C686F59009AFEA2 = {
						CreatedOnToolsVersion = 15.4;
						TestTargetID = 2E7C8EB12C686F58009AFEA2;
					};
				};
			};
			buildConfigurationList = 2E7C8EAD2C686F58009AFEA2 /* Build configuration list for PBXProject "Translator" */;
			compatibilityVersion = "Xcode 14.0";
			developmentRegion = en;
			hasScannedForEncodings = 0;
			knownRegions = (
				en,
				Base,
			);
			mainGroup = 2E7C8EA92C686F58009AFEA2;
			productRefGroup = 2E7C8EB32C686F58009AFEA2 /* Products */;
			projectDirPath = "";
			projectRoot = "";
			targets = (
				2E7C8EB12C686F58009AFEA2 /* Translator */,
				2E7C8EC42C686F59009AFEA2 /* TranslatorTests */,
				2E7C8ECE2C686F59009AFEA2 /* TranslatorUITests */,
			);
		};
/* End PBXProject section */

/* Begin PBXResourcesBuildPhase section */
		2E7C8EB02C686F58009AFEA2 /* Resources */ = {
			isa = PBXResourcesBuildPhase;
			buildActionMask = 2147483647;
			files = (
				2E7C8EC02C686F59009AFEA2 /* Preview Assets.xcassets in Resources */,
				2E7C8EBC2C686F59009AFEA2 /* Assets.xcassets in Resources */,
			);
			runOnlyForDeploymentPostprocessing = 0;
		};
		2E7C8EC32C686F59009AFEA2 /* Resources */ = {
			isa = PBXResourcesBuildPhase;
			buildActionMask = 2147483647;
			files = (
			);
			runOnlyForDeploymentPostprocessing = 0;
		};
		2E7C8ECD2C686F59009AFEA2 /* Resources */ = {
			isa = PBXResourcesBuildPhase;
			buildActionMask = 2147483647;
			files = (
			);
			runOnlyForDeploymentPostprocessing = 0;
		};
/* End PBXResourcesBuildPhase section */

/* Begin PBXSourcesBuildPhase section */
		2E7C8EAE2C686F58009AFEA2 /* Sources */ = {
			isa = PBXSourcesBuildPhase;
			buildActionMask = 2147483647;
			files = (
				2ED666882C81742E000E505F /* AppDelegate.swift in Sources */,
				2E7C8EB82C686F58009AFEA2 /* ContentView.swift in Sources */,
				2E7C8EBA2C686F58009AFEA2 /* Item.swift in Sources */,
				2E7C8EB62C686F58009AFEA2 /* TranslatorApp.swift in Sources */,
			);
			runOnlyForDeploymentPostprocessing = 0;
		};
		2E7C8EC12C686F59009AFEA2 /* Sources */ = {
			isa = PBXSourcesBuildPhase;
			buildActionMask = 2147483647;
			files = (
				2E7C8ECA2C686F59009AFEA2 /* TranslatorTests.swift in Sources */,
			);
			runOnlyForDeploymentPostprocessing = 0;
		};
		2E7C8ECB2C686F59009AFEA2 /* Sources */ = {
			isa = PBXSourcesBuildPhase;
			buildActionMask = 2147483647;
			files = (
				2E7C8ED62C686F59009AFEA2 /* TranslatorUITestsLaunchTests.swift in Sources */,
				2E7C8ED42C686F59009AFEA2 /* TranslatorUITests.swift in Sources */,
			);
			runOnlyForDeploymentPostprocessing = 0;
		};
/* End PBXSourcesBuildPhase section */

/* Begin PBXTargetDependency section */
		2E7C8EC72C686F59009AFEA2 /* PBXTargetDependency */ = {
			isa = PBXTargetDependency;
			target = 2E7C8EB12C686F58009AFEA2 /* Translator */;
			targetProxy = 2E7C8EC62C686F59009AFEA2 /* PBXContainerItemProxy */;
		};
		2E7C8ED12C686F59009AFEA2 /* PBXTargetDependency */ = {
			isa = PBXTargetDependency;
			target = 2E7C8EB12C686F58009AFEA2 /* Translator */;
			targetProxy = 2E7C8ED02C686F59009AFEA2 /* PBXContainerItemProxy */;
		};
/* End PBXTargetDependency section */

/* Begin XCBuildConfiguration section */
		2E7C8ED72C686F59009AFEA2 /* Debug */ = {
			isa = XCBuildConfiguration;
			buildSettings = {
				ALWAYS_SEARCH_USER_PATHS = NO;
				ASSETCATALOG_COMPILER_GENERATE_SWIFT_ASSET_SYMBOL_EXTENSIONS = YES;
				CLANG_ANALYZER_NONNULL = YES;
				CLANG_ANALYZER_NUMBER_OBJECT_CONVERSION = YES_AGGRESSIVE;
				CLANG_CXX_LANGUAGE_STANDARD = "gnu++20";
				CLANG_ENABLE_MODULES = YES;
				CLANG_ENABLE_OBJC_ARC = YES;
				CLANG_ENABLE_OBJC_WEAK = YES;
				CLANG_WARN_BLOCK_CAPTURE_AUTORELEASING = YES;
				CLANG_WARN_BOOL_CONVERSION = YES;
				CLANG_WARN_COMMA = YES;
				CLANG_WARN_CONSTANT_CONVERSION = YES;
				CLANG_WARN_DEPRECATED_OBJC_IMPLEMENTATIONS = YES;
				CLANG_WARN_DIRECT_OBJC_ISA_USAGE = YES_ERROR;
				CLANG_WARN_DOCUMENTATION_COMMENTS = YES;
				CLANG_WARN_EMPTY_BODY = YES;
				CLANG_WARN_ENUM_CONVERSION = YES;
				CLANG_WARN_INFINITE_RECURSION = YES;
				CLANG_WARN_INT_CONVERSION = YES;
				CLANG_WARN_NON_LITERAL_NULL_CONVERSION = YES;
				CLANG_WARN_OBJC_IMPLICIT_RETAIN_SELF = YES;
				CLANG_WARN_OBJC_LITERAL_CONVERSION = YES;
				CLANG_WARN_OBJC_ROOT_CLASS = YES_ERROR;
				CLANG_WARN_QUOTED_INCLUDE_IN_FRAMEWORK_HEADER = YES;
				CLANG_WARN_RANGE_LOOP_ANALYSIS = YES;
				CLANG_WARN_STRICT_PROTOTYPES = YES;
				CLANG_WARN_SUSPICIOUS_MOVE = YES;
				CLANG_WARN_UNGUARDED_AVAILABILITY = YES_AGGRESSIVE;
				CLANG_WARN_UNREACHABLE_CODE = YES;
				CLANG_WARN__DUPLICATE_METHOD_MATCH = YES;
				COPY_PHASE_STRIP = NO;
				DEBUG_INFORMATION_FORMAT = dwarf;
				ENABLE_STRICT_OBJC_MSGSEND = YES;
				ENABLE_TESTABILITY = YES;
				ENABLE_USER_SCRIPT_SANDBOXING = YES;
				GCC_C_LANGUAGE_STANDARD = gnu17;
				GCC_DYNAMIC_NO_PIC = NO;
				GCC_NO_COMMON_BLOCKS = YES;
				GCC_OPTIMIZATION_LEVEL = 0;
				GCC_PREPROCESSOR_DEFINITIONS = (
					"DEBUG=1",
					"$(inherited)",
				);
				GCC_WARN_64_TO_32_BIT_CONVERSION = YES;
				GCC_WARN_ABOUT_RETURN_TYPE = YES_ERROR;
				GCC_WARN_UNDECLARED_SELECTOR = YES;
				GCC_WARN_UNINITIALIZED_AUTOS = YES_AGGRESSIVE;
				GCC_WARN_UNUSED_FUNCTION = YES;
				GCC_WARN_UNUSED_VARIABLE = YES;
				LOCALIZATION_PREFERS_STRING_CATALOGS = YES;
				MTL_ENABLE_DEBUG_INFO = INCLUDE_SOURCE;
				MTL_FAST_MATH = YES;
				ONLY_ACTIVE_ARCH = YES;
				SWIFT_ACTIVE_COMPILATION_CONDITIONS = "DEBUG $(inherited)";
				SWIFT_OPTIMIZATION_LEVEL = "-Onone";
			};
			name = Debug;
		};
		2E7C8ED82C686F59009AFEA2 /* Release */ = {
			isa = XCBuildConfiguration;
			buildSettings = {
				ALWAYS_SEARCH_USER_PATHS = NO;
				ASSETCATALOG_COMPILER_GENERATE_SWIFT_ASSET_SYMBOL_EXTENSIONS = YES;
				CLANG_ANALYZER_NONNULL = YES;
				CLANG_ANALYZER_NUMBER_OBJECT_CONVERSION = YES_AGGRESSIVE;
				CLANG_CXX_LANGUAGE_STANDARD = "gnu++20";
				CLANG_ENABLE_MODULES = YES;
				CLANG_ENABLE_OBJC_ARC = YES;
				CLANG_ENABLE_OBJC_WEAK = YES;
				CLANG_WARN_BLOCK_CAPTURE_AUTORELEASING = YES;
				CLANG_WARN_BOOL_CONVERSION = YES;
				CLANG_WARN_COMMA = YES;
				CLANG_WARN_CONSTANT_CONVERSION = YES;
				CLANG_WARN_DEPRECATED_OBJC_IMPLEMENTATIONS = YES;
				CLANG_WARN_DIRECT_OBJC_ISA_USAGE = YES_ERROR;
				CLANG_WARN_DOCUMENTATION_COMMENTS = YES;
				CLANG_WARN_EMPTY_BODY = YES;
				CLANG_WARN_ENUM_CONVERSION = YES;
				CLANG_WARN_INFINITE_RECURSION = YES;
				CLANG_WARN_INT_CONVERSION = YES;
				CLANG_WARN_NON_LITERAL_NULL_CONVERSION = YES;
				CLANG_WARN_OBJC_IMPLICIT_RETAIN_SELF = YES;
				CLANG_WARN_OBJC_LITERAL_CONVERSION = YES;
				CLANG_WARN_OBJC_ROOT_CLASS = YES_ERROR;
				CLANG_WARN_QUOTED_INCLUDE_IN_FRAMEWORK_HEADER = YES;
				CLANG_WARN_RANGE_LOOP_ANALYSIS = YES;
				CLANG_WARN_STRICT_PROTOTYPES = YES;
				CLANG_WARN_SUSPICIOUS_MOVE = YES;
				CLANG_WARN_UNGUARDED_AVAILABILITY = YES_AGGRESSIVE;
				CLANG_WARN_UNREACHABLE_CODE = YES;
				CLANG_WARN__DUPLICATE_METHOD_MATCH = YES;
				COPY_PHASE_STRIP = NO;
				DEBUG_INFORMATION_FORMAT = "dwarf-with-dsym";
				ENABLE_NS_ASSERTIONS = NO;
				ENABLE_STRICT_OBJC_MSGSEND = YES;
				ENABLE_USER_SCRIPT_SANDBOXING = YES;
				GCC_C_LANGUAGE_STANDARD = gnu17;
				GCC_NO_COMMON_BLOCKS = YES;
				GCC_WARN_64_TO_32_BIT_CONVERSION = YES;
				GCC_WARN_ABOUT_RETURN_TYPE = YES_ERROR;
				GCC_WARN_UNDECLARED_SELECTOR = YES;
				GCC_WARN_UNINITIALIZED_AUTOS = YES_AGGRESSIVE;
				GCC_WARN_UNUSED_FUNCTION = YES;
				GCC_WARN_UNUSED_VARIABLE = YES;
				LOCALIZATION_PREFERS_STRING_CATALOGS = YES;
				MTL_ENABLE_DEBUG_INFO = NO;
				MTL_FAST_MATH = YES;
				SWIFT_COMPILATION_MODE = wholemodule;
			};
			name = Release;
		};
		2E7C8EDA2C686F59009AFEA2 /* Debug */ = {
			isa = XCBuildConfiguration;
			buildSettings = {
				ASSETCATALOG_COMPILER_APPICON_NAME = AppIcon;
				ASSETCATALOG_COMPILER_GLOBAL_ACCENT_COLOR_NAME = AccentColor;
				CODE_SIGN_ENTITLEMENTS = Translator/Translator.entitlements;
				CODE_SIGN_STYLE = Automatic;
				CURRENT_PROJECT_VERSION = 1;
				DEVELOPMENT_ASSET_PATHS = "\"Translator/Preview Content\"";
				ENABLE_PREVIEWS = YES;
				GENERATE_INFOPLIST_FILE = YES;
				"INFOPLIST_KEY_UIApplicationSceneManifest_Generation[sdk=iphoneos*]" = YES;
				"INFOPLIST_KEY_UIApplicationSceneManifest_Generation[sdk=iphonesimulator*]" = YES;
				"INFOPLIST_KEY_UIApplicationSupportsIndirectInputEvents[sdk=iphoneos*]" = YES;
				"INFOPLIST_KEY_UIApplicationSupportsIndirectInputEvents[sdk=iphonesimulator*]" = YES;
				"INFOPLIST_KEY_UILaunchScreen_Generation[sdk=iphoneos*]" = YES;
				"INFOPLIST_KEY_UILaunchScreen_Generation[sdk=iphonesimulator*]" = YES;
				"INFOPLIST_KEY_UIStatusBarStyle[sdk=iphoneos*]" = UIStatusBarStyleDefault;
				"INFOPLIST_KEY_UIStatusBarStyle[sdk=iphonesimulator*]" = UIStatusBarStyleDefault;
				INFOPLIST_KEY_UISupportedInterfaceOrientations_iPad = "UIInterfaceOrientationPortrait UIInterfaceOrientationPortraitUpsideDown UIInterfaceOrientationLandscapeLeft UIInterfaceOrientationLandscapeRight";
				INFOPLIST_KEY_UISupportedInterfaceOrientations_iPhone = "UIInterfaceOrientationPortrait UIInterfaceOrientationLandscapeLeft UIInterfaceOrientationLandscapeRight";
				IPHONEOS_DEPLOYMENT_TARGET = 16.0;
				LD_RUNPATH_SEARCH_PATHS = "@executable_path/Frameworks";
				"LD_RUNPATH_SEARCH_PATHS[sdk=macosx*]" = "@executable_path/../Frameworks";
				MACOSX_DEPLOYMENT_TARGET = 14.0;
				MARKETING_VERSION = 1.0;
				PRODUCT_BUNDLE_IDENTIFIER = "yinggg-o.Translator";
				PRODUCT_NAME = "$(TARGET_NAME)";
				SDKROOT = auto;
				SUPPORTED_PLATFORMS = "iphoneos iphonesimulator macosx";
				SWIFT_EMIT_LOC_STRINGS = YES;
				SWIFT_VERSION = 5.0;
				TARGETED_DEVICE_FAMILY = "1,2";
			};
			name = Debug;
		};
		2E7C8EDB2C686F59009AFEA2 /* Release */ = {
			isa = XCBuildConfiguration;
			buildSettings = {
				ASSETCATALOG_COMPILER_APPICON_NAME = AppIcon;
				ASSETCATALOG_COMPILER_GLOBAL_ACCENT_COLOR_NAME = AccentColor;
				CODE_SIGN_ENTITLEMENTS = Translator/Translator.entitlements;
				CODE_SIGN_STYLE = Automatic;
				CURRENT_PROJECT_VERSION = 1;
				DEVELOPMENT_ASSET_PATHS = "\"Translator/Preview Content\"";
				ENABLE_PREVIEWS = YES;
				GENERATE_INFOPLIST_FILE = YES;
				"INFOPLIST_KEY_UIApplicationSceneManifest_Generation[sdk=iphoneos*]" = YES;
				"INFOPLIST_KEY_UIApplicationSceneManifest_Generation[sdk=iphonesimulator*]" = YES;
				"INFOPLIST_KEY_UIApplicationSupportsIndirectInputEvents[sdk=iphoneos*]" = YES;
				"INFOPLIST_KEY_UIApplicationSupportsIndirectInputEvents[sdk=iphonesimulator*]" = YES;
				"INFOPLIST_KEY_UILaunchScreen_Generation[sdk=iphoneos*]" = YES;
				"INFOPLIST_KEY_UILaunchScreen_Generation[sdk=iphonesimulator*]" = YES;
				"INFOPLIST_KEY_UIStatusBarStyle[sdk=iphoneos*]" = UIStatusBarStyleDefault;
				"INFOPLIST_KEY_UIStatusBarStyle[sdk=iphonesimulator*]" = UIStatusBarStyleDefault;
				INFOPLIST_KEY_UISupportedInterfaceOrientations_iPad = "UIInterfaceOrientationPortrait UIInterfaceOrientationPortraitUpsideDown UIInterfaceOrientationLandscapeLeft UIInterfaceOrientationLandscapeRight";
				INFOPLIST_KEY_UISupportedInterfaceOrientations_iPhone = "UIInterfaceOrientationPortrait UIInterfaceOrientationLandscapeLeft UIInterfaceOrientationLandscapeRight";
				IPHONEOS_DEPLOYMENT_TARGET = 16.0;
				LD_RUNPATH_SEARCH_PATHS = "@executable_path/Frameworks";
				"LD_RUNPATH_SEARCH_PATHS[sdk=macosx*]" = "@executable_path/../Frameworks";
				MACOSX_DEPLOYMENT_TARGET = 14.0;
				MARKETING_VERSION = 1.0;
				PRODUCT_BUNDLE_IDENTIFIER = "yinggg-o.Translator";
				PRODUCT_NAME = "$(TARGET_NAME)";
				SDKROOT = auto;
				SUPPORTED_PLATFORMS = "iphoneos iphonesimulator macosx";
				SWIFT_EMIT_LOC_STRINGS = YES;
				SWIFT_VERSION = 5.0;
				TARGETED_DEVICE_FAMILY = "1,2";
			};
			name = Release;
		};
		2E7C8EDD2C686F59009AFEA2 /* Debug */ = {
			isa = XCBuildConfiguration;
			buildSettings = {
				ALWAYS_EMBED_SWIFT_STANDARD_LIBRARIES = YES;
				BUNDLE_LOADER = "$(TEST_HOST)";
				CODE_SIGN_STYLE = Automatic;
				CURRENT_PROJECT_VERSION = 1;
				GENERATE_INFOPLIST_FILE = YES;
				IPHONEOS_DEPLOYMENT_TARGET = 17.5;
				MACOSX_DEPLOYMENT_TARGET = 14.5;
				MARKETING_VERSION = 1.0;
				PRODUCT_BUNDLE_IDENTIFIER = "yinggg-o.TranslatorTests";
				PRODUCT_NAME = "$(TARGET_NAME)";
				SDKROOT = auto;
				SUPPORTED_PLATFORMS = "iphoneos iphonesimulator macosx";
				SWIFT_EMIT_LOC_STRINGS = NO;
				SWIFT_VERSION = 5.0;
				TARGETED_DEVICE_FAMILY = "1,2";
				TEST_HOST = "$(BUILT_PRODUCTS_DIR)/Translator.app/$(BUNDLE_EXECUTABLE_FOLDER_PATH)/Translator";
			};
			name = Debug;
		};
		2E7C8EDE2C686F59009AFEA2 /* Release */ = {
			isa = XCBuildConfiguration;
			buildSettings = {
				ALWAYS_EMBED_SWIFT_STANDARD_LIBRARIES = YES;
				BUNDLE_LOADER = "$(TEST_HOST)";
				CODE_SIGN_STYLE = Automatic;
				CURRENT_PROJECT_VERSION = 1;
				GENERATE_INFOPLIST_FILE = YES;
				IPHONEOS_DEPLOYMENT_TARGET = 17.5;
				MACOSX_DEPLOYMENT_TARGET = 14.5;
				MARKETING_VERSION = 1.0;
				PRODUCT_BUNDLE_IDENTIFIER = "yinggg-o.TranslatorTests";
				PRODUCT_NAME = "$(TARGET_NAME)";
				SDKROOT = auto;
				SUPPORTED_PLATFORMS = "iphoneos iphonesimulator macosx";
				SWIFT_EMIT_LOC_STRINGS = NO;
				SWIFT_VERSION = 5.0;
				TARGETED_DEVICE_FAMILY = "1,2";
				TEST_HOST = "$(BUILT_PRODUCTS_DIR)/Translator.app/$(BUNDLE_EXECUTABLE_FOLDER_PATH)/Translator";
			};
			name = Release;
		};
		2E7C8EE02C686F59009AFEA2 /* Debug */ = {
			isa = XCBuildConfiguration;
			buildSettings = {
				ALWAYS_EMBED_SWIFT_STANDARD_LIBRARIES = YES;
				CODE_SIGN_STYLE = Automatic;
				CURRENT_PROJECT_VERSION = 1;
				GENERATE_INFOPLIST_FILE = YES;
				IPHONEOS_DEPLOYMENT_TARGET = 17.5;
				MACOSX_DEPLOYMENT_TARGET = 14.5;
				MARKETING_VERSION = 1.0;
				PRODUCT_BUNDLE_IDENTIFIER = "yinggg-o.TranslatorUITests";
				PRODUCT_NAME = "$(TARGET_NAME)";
				SDKROOT = auto;
				SUPPORTED_PLATFORMS = "iphoneos iphonesimulator macosx";
				SWIFT_EMIT_LOC_STRINGS = NO;
				SWIFT_VERSION = 5.0;
				TARGETED_DEVICE_FAMILY = "1,2";
				TEST_TARGET_NAME = Translator;
			};
			name = Debug;
		};
		2E7C8EE12C686F59009AFEA2 /* Release */ = {
			isa = XCBuildConfiguration;
			buildSettings = {
				ALWAYS_EMBED_SWIFT_STANDARD_LIBRARIES = YES;
				CODE_SIGN_STYLE = Automatic;
				CURRENT_PROJECT_VERSION = 1;
				GENERATE_INFOPLIST_FILE = YES;
				IPHONEOS_DEPLOYMENT_TARGET = 17.5;
				MACOSX_DEPLOYMENT_TARGET = 14.5;
				MARKETING_VERSION = 1.0;
				PRODUCT_BUNDLE_IDENTIFIER = "yinggg-o.TranslatorUITests";
				PRODUCT_NAME = "$(TARGET_NAME)";
				SDKROOT = auto;
				SUPPORTED_PLATFORMS = "iphoneos iphonesimulator macosx";
				SWIFT_EMIT_LOC_STRINGS = NO;
				SWIFT_VERSION = 5.0;
				TARGETED_DEVICE_FAMILY = "1,2";
				TEST_TARGET_NAME = Translator;
			};
			name = Release;
		};
/* End XCBuildConfiguration section */

/* Begin XCConfigurationList section */
		2E7C8EAD2C686F58009AFEA2 /* Build configuration list for PBXProject "Translator" */ = {
			isa = XCConfigurationList;
			buildConfigurations = (
				2E7C8ED72C686F59009AFEA2 /* Debug */,
				2E7C8ED82C686F59009AFEA2 /* Release */,
			);
			defaultConfigurationIsVisible = 0;
			defaultConfigurationName = Release;
		};
		2E7C8ED92C686F59009AFEA2 /* Build configuration list for PBXNativeTarget "Translator" */ = {
			isa = XCConfigurationList;
			buildConfigurations = (
				2E7C8EDA2C686F59009AFEA2 /* Debug */,
				2E7C8EDB2C686F59009AFEA2 /* Release */,
			);
			defaultConfigurationIsVisible = 0;
			defaultConfigurationName = Release;
		};
		2E7C8EDC2C686F59009AFEA2 /* Build configuration list for PBXNativeTarget "TranslatorTests" */ = {
			isa = XCConfigurationList;
			buildConfigurations = (
				2E7C8EDD2C686F59009AFEA2 /* Debug */,
				2E7C8EDE2C686F59009AFEA2 /* Release */,
			);
			defaultConfigurationIsVisible = 0;
			defaultConfigurationName = Release;
		};
		2E7C8EDF2C686F59009AFEA2 /* Build configuration list for PBXNativeTarget "TranslatorUITests" */ = {
			isa = XCConfigurationList;
			buildConfigurations = (
				2E7C8EE02C686F59009AFEA2 /* Debug */,
				2E7C8EE12C686F59009AFEA2 /* Release */,
			);
			defaultConfigurationIsVisible = 0;
			defaultConfigurationName = Release;
		};
/* End XCConfigurationList section */
	};
	rootObject = 2E7C8EAA2C686F58009AFEA2 /* Project object */;
}
